
Microsoft Visual Studio Solution File, Format Version 12.00
# Visual Studio Version 17
VisualStudioVersion = 17.10.35122.118
MinimumVisualStudioVersion = 10.0.40219.1
Project("{2150E333-8FDC-42A3-9474-1A3956D46DE8}") = "src", "src", "{B547B513-5A24-438A-92D3-A3AE0513CE28}"
EndProject
Project("{9A19103F-16F7-4668-BE54-9A1E7A4F7556}") = "PayMart.API.Clients", "src\PayMart.API.Clients\PayMart.API.Clients.csproj", "{96FDA00C-8A24-4F0B-881E-0D57BB59B48E}"
EndProject
Project("{9A19103F-16F7-4668-BE54-9A1E7A4F7556}") = "PayMart.Domain.Clients", "src\PayMart.Domain.Clients\PayMart.Domain.Clients.csproj", "{3B5467D3-0504-4C8A-8E7C-02E57A57E057}"
EndProject
Project("{9A19103F-16F7-4668-BE54-9A1E7A4F7556}") = "PayMart.Infrastructure.Clients", "src\PayMart.Infrastructure.Clients\PayMart.Infrastructure.Clients.csproj", "{32D31A8E-0E55-41FE-A0EC-1D487D8440D8}"
EndProject
Global
	GlobalSection(SolutionConfigurationPlatforms) = preSolution
		Debug|Any CPU = Debug|Any CPU
		Release|Any CPU = Release|Any CPU
	EndGlobalSection
	GlobalSection(ProjectConfigurationPlatforms) = postSolution
		{96FDA00C-8A24-4F0B-881E-0D57BB59B48E}.Debug|Any CPU.ActiveCfg = Debug|Any CPU
		{96FDA00C-8A24-4F0B-881E-0D57BB59B48E}.Debug|Any CPU.Build.0 = Debug|Any CPU
		{96FDA00C-8A24-4F0B-881E-0D57BB59B48E}.Release|Any CPU.ActiveCfg = Release|Any CPU
		{96FDA00C-8A24-4F0B-881E-0D57BB59B48E}.Release|Any CPU.Build.0 = Release|Any CPU
		{3B5467D3-0504-4C8A-8E7C-02E57A57E057}.Debug|Any CPU.ActiveCfg = Debug|Any CPU
		{3B5467D3-0504-4C8A-8E7C-02E57A57E057}.Debug|Any CPU.Build.0 = Debug|Any CPU
		{3B5467D3-0504-4C8A-8E7C-02E57A57E057}.Release|Any CPU.ActiveCfg = Release|Any CPU
		{3B5467D3-0504-4C8A-8E7C-02E57A57E057}.Release|Any CPU.Build.0 = Release|Any CPU
		{32D31A8E-0E55-41FE-A0EC-1D487D8440D8}.Debug|Any CPU.ActiveCfg = Debug|Any CPU
		{32D31A8E-0E55-41FE-A0EC-1D487D8440D8}.Debug|Any CPU.Build.0 = Debug|Any CPU
		{32D31A8E-0E55-41FE-A0EC-1D487D8440D8}.Release|Any CPU.ActiveCfg = Release|Any CPU
		{32D31A8E-0E55-41FE-A0EC-1D487D8440D8}.Release|Any CPU.Build.0 = Release|Any CPU
	EndGlobalSection
	GlobalSection(SolutionProperties) = preSolution
		HideSolutionNode = FALSE
	EndGlobalSection
	GlobalSection(NestedProjects) = preSolution
		{96FDA00C-8A24-4F0B-881E-0D57BB59B48E} = {B547B513-5A24-438A-92D3-A3AE0513CE28}
		{3B5467D3-0504-4C8A-8E7C-02E57A57E057} = {B547B513-5A24-438A-92D3-A3AE0513CE28}
		{32D31A8E-0E55-41FE-A0EC-1D487D8440D8} = {B547B513-5A24-438A-92D3-A3AE0513CE28}
	EndGlobalSection
	GlobalSection(ExtensibilityGlobals) = postSolution
		SolutionGuid = {8A40D4F6-1D5E-47C0-81F0-6666AF41F2CF}
	EndGlobalSection
EndGlobal
